
Microsoft Visual Studio Solution File, Format Version 12.00
# Visual Studio 15
VisualStudioVersion = 15.0.28307.168
MinimumVisualStudioVersion = 10.0.40219.1
Project("{FAE04EC0-301F-11D3-BF4B-00C04F79EFBC}") = "JT.ADF", "JT.ADF\JT.ADF.csproj", "{4DCC504A-3A20-4731-87E2-B23634027FC5}"
EndProject
Project("{FAE04EC0-301F-11D3-BF4B-00C04F79EFBC}") = "JT.IO", "JT.IO\JT.IO.csproj", "{404596C3-3227-49C6-810A-9FBB8603E958}"
EndProject
Project("{FAE04EC0-301F-11D3-BF4B-00C04F79EFBC}") = "JT.Log", "JT.Log\JT.Log.csproj", "{B0C6A07A-F0BC-48B8-B81F-ECCE252D9121}"
EndProject
Project("{FAE04EC0-301F-11D3-BF4B-00C04F79EFBC}") = "JT.ArcObject.Extension", "JT.ArcObject.Extension\JT.ArcObject.Extension.csproj", "{0370A4D9-0915-4E31-A495-40018A5AC288}"
EndProject
Project("{FAE04EC0-301F-11D3-BF4B-00C04F79EFBC}") = "JT.Check", "JT.Check\JT.Check.csproj", "{7F188527-DA03-4117-AD18-F26C737DF91C}"
EndProject
Project("{FAE04EC0-301F-11D3-BF4B-00C04F79EFBC}") = "JT.Common", "JT.Common\JT.Common.csproj", "{019BAC4B-6E04-4571-B488-013AA214DDBD}"
EndProject
Project("{FAE04EC0-301F-11D3-BF4B-00C04F79EFBC}") = "JT.Extension", "JT.Extension\JT.Extension.csproj", "{DDBAF9CE-1901-40F2-90E6-25F8CC5B12AF}"
EndProject
Project("{FAE04EC0-301F-11D3-BF4B-00C04F79EFBC}") = "JT.NPOI", "JT.NPOI\JT.NPOI.csproj", "{DD52B9C9-BF89-4B41-9BA6-CB59D1E75BFA}"
EndProject
Project("{FAE04EC0-301F-11D3-BF4B-00C04F79EFBC}") = "JT.Standard", "JT.Standard\JT.Standard.csproj", "{B2B0CE6B-95B7-4227-AC60-D8FAC3366E84}"
EndProject
Project("{FAE04EC0-301F-11D3-BF4B-00C04F79EFBC}") = "JT.Xml", "JT.Xml\JT.Xml.csproj", "{D259D630-EFCA-4E3E-BD5A-CDF0B7D8C299}"
EndProject
Project("{FAE04EC0-301F-11D3-BF4B-00C04F79EFBC}") = "Test", "Test\Test.csproj", "{4D79ED82-9ABF-4B1C-BC0F-2F52A33E2E55}"
EndProject
Project("{FAE04EC0-301F-11D3-BF4B-00C04F79EFBC}") = "JT.DB.Access", "JT.DB.Access\JT.DB.Access.csproj", "{AFE94B3E-AFE1-498A-8745-6563BE5F6D1D}"
EndProject
Project("{FAE04EC0-301F-11D3-BF4B-00C04F79EFBC}") = "JT.DB.Common", "JT.DB.Common\JT.DB.Common.csproj", "{97FFF8DF-75FB-49FD-B464-BACBFF52DC9B}"
EndProject
Project("{FAE04EC0-301F-11D3-BF4B-00C04F79EFBC}") = "JT.DB.PostgreSQL", "JT.DB.PostgreSQL\JT.DB.PostgreSQL.csproj", "{3EECB8FC-A646-45A9-9851-99A25183CF07}"
EndProject
Project("{FAE04EC0-301F-11D3-BF4B-00C04F79EFBC}") = "JT.Log.Windows.Forms", "JT.Log.Windows.Forms\JT.Log.Windows.Forms.csproj", "{A6D13E7A-EFCA-4030-9DB5-13A7DBD2A340}"
EndProject
Project("{FAE04EC0-301F-11D3-BF4B-00C04F79EFBC}") = "JT.GDal", "JT.GDal\JT.GDal.csproj", "{705D974F-07B7-42ED-B7C3-F6175A2FBE7A}"
EndProject
Project("{FAE04EC0-301F-11D3-BF4B-00C04F79EFBC}") = "JT.DataTransfer", "JT.DataTransfer\JT.DataTransfer.csproj", "{07D131DB-03D1-4009-BB9C-B6834DD6FBA5}"
EndProject
Project("{FAE04EC0-301F-11D3-BF4B-00C04F79EFBC}") = "JT.ArcObject", "JT.ArcObject\JT.ArcObject.csproj", "{B684FA13-EBFA-4C23-8D31-38D3E2C8082A}"
EndProject
Project("{FAE04EC0-301F-11D3-BF4B-00C04F79EFBC}") = "TestForm", "TestForm\TestForm.csproj", "{BED10AF3-B1B5-4327-86E9-D8F1767ED609}"
EndProject
Project("{FAE04EC0-301F-11D3-BF4B-00C04F79EFBC}") = "JT.NPOI.Extension", "JT.NPOI.Extension\JT.NPOI.Extension.csproj", "{0773BE0A-C83A-49B8-BFD6-C0160A1EAE3E}"
EndProject
Project("{FAE04EC0-301F-11D3-BF4B-00C04F79EFBC}") = "JT.IO.Extension", "JT.IO.Extension\JT.IO.Extension.csproj", "{92F1B50C-4E86-4A45-ACF1-C6EF38F1281D}"
EndProject
Project("{FAE04EC0-301F-11D3-BF4B-00C04F79EFBC}") = "JT.Mapnumber", "JT.Mapnumber\JT.Mapnumber.csproj", "{093804AF-2A79-4B8C-8891-1EEE86864614}"
EndProject
Project("{FAE04EC0-301F-11D3-BF4B-00C04F79EFBC}") = "UnitTest", "UnitTest\UnitTest.csproj", "{326AF58E-E284-4642-9460-7F9F9D23ADD5}"
EndProject
Project("{FAE04EC0-301F-11D3-BF4B-00C04F79EFBC}") = "JT.Example", "JT.Example\JT.Example.csproj", "{66D39735-8524-49AA-B2EE-24BF9353AD97}"
EndProject
Project("{FAE04EC0-301F-11D3-BF4B-00C04F79EFBC}") = "JT.Txt", "JT.Txt\JT.Txt.csproj", "{AC35BF38-A15B-41BD-8063-CDEDA6E5F12F}"
EndProject
Global
	GlobalSection(SolutionConfigurationPlatforms) = preSolution
		Debug|Any CPU = Debug|Any CPU
		Release|Any CPU = Release|Any CPU
	EndGlobalSection
	GlobalSection(ProjectConfigurationPlatforms) = postSolution
		{4DCC504A-3A20-4731-87E2-B23634027FC5}.Debug|Any CPU.ActiveCfg = Debug|Any CPU
		{4DCC504A-3A20-4731-87E2-B23634027FC5}.Debug|Any CPU.Build.0 = Debug|Any CPU
		{4DCC504A-3A20-4731-87E2-B23634027FC5}.Release|Any CPU.ActiveCfg = Release|Any CPU
		{4DCC504A-3A20-4731-87E2-B23634027FC5}.Release|Any CPU.Build.0 = Release|Any CPU
		{404596C3-3227-49C6-810A-9FBB8603E958}.Debug|Any CPU.ActiveCfg = Debug|Any CPU
		{404596C3-3227-49C6-810A-9FBB8603E958}.Debug|Any CPU.Build.0 = Debug|Any CPU
		{404596C3-3227-49C6-810A-9FBB8603E958}.Release|Any CPU.ActiveCfg = Release|Any CPU
		{404596C3-3227-49C6-810A-9FBB8603E958}.Release|Any CPU.Build.0 = Release|Any CPU
		{B0C6A07A-F0BC-48B8-B81F-ECCE252D9121}.Debug|Any CPU.ActiveCfg = Debug|Any CPU
		{B0C6A07A-F0BC-48B8-B81F-ECCE252D9121}.Debug|Any CPU.Build.0 = Debug|Any CPU
		{B0C6A07A-F0BC-48B8-B81F-ECCE252D9121}.Release|Any CPU.ActiveCfg = Release|Any CPU
		{B0C6A07A-F0BC-48B8-B81F-ECCE252D9121}.Release|Any CPU.Build.0 = Release|Any CPU
		{0370A4D9-0915-4E31-A495-40018A5AC288}.Debug|Any CPU.ActiveCfg = Debug|Any CPU
		{0370A4D9-0915-4E31-A495-40018A5AC288}.Debug|Any CPU.Build.0 = Debug|Any CPU
		{0370A4D9-0915-4E31-A495-40018A5AC288}.Release|Any CPU.ActiveCfg = Release|Any CPU
		{0370A4D9-0915-4E31-A495-40018A5AC288}.Release|Any CPU.Build.0 = Release|Any CPU
		{7F188527-DA03-4117-AD18-F26C737DF91C}.Debug|Any CPU.ActiveCfg = Debug|Any CPU
		{7F188527-DA03-4117-AD18-F26C737DF91C}.Debug|Any CPU.Build.0 = Debug|Any CPU
		{7F188527-DA03-4117-AD18-F26C737DF91C}.Release|Any CPU.ActiveCfg = Release|Any CPU
		{7F188527-DA03-4117-AD18-F26C737DF91C}.Release|Any CPU.Build.0 = Release|Any CPU
		{019BAC4B-6E04-4571-B488-013AA214DDBD}.Debug|Any CPU.ActiveCfg = Debug|Any CPU
		{019BAC4B-6E04-4571-B488-013AA214DDBD}.Debug|Any CPU.Build.0 = Debug|Any CPU
		{019BAC4B-6E04-4571-B488-013AA214DDBD}.Release|Any CPU.ActiveCfg = Release|Any CPU
		{019BAC4B-6E04-4571-B488-013AA214DDBD}.Release|Any CPU.Build.0 = Release|Any CPU
		{DDBAF9CE-1901-40F2-90E6-25F8CC5B12AF}.Debug|Any CPU.ActiveCfg = Debug|Any CPU
		{DDBAF9CE-1901-40F2-90E6-25F8CC5B12AF}.Debug|Any CPU.Build.0 = Debug|Any CPU
		{DDBAF9CE-1901-40F2-90E6-25F8CC5B12AF}.Release|Any CPU.ActiveCfg = Release|Any CPU
		{DDBAF9CE-1901-40F2-90E6-25F8CC5B12AF}.Release|Any CPU.Build.0 = Release|Any CPU
		{DD52B9C9-BF89-4B41-9BA6-CB59D1E75BFA}.Debug|Any CPU.ActiveCfg = Debug|Any CPU
		{DD52B9C9-BF89-4B41-9BA6-CB59D1E75BFA}.Debug|Any CPU.Build.0 = Debug|Any CPU
		{DD52B9C9-BF89-4B41-9BA6-CB59D1E75BFA}.Release|Any CPU.ActiveCfg = Release|Any CPU
		{DD52B9C9-BF89-4B41-9BA6-CB59D1E75BFA}.Release|Any CPU.Build.0 = Release|Any CPU
		{B2B0CE6B-95B7-4227-AC60-D8FAC3366E84}.Debug|Any CPU.ActiveCfg = Debug|Any CPU
		{B2B0CE6B-95B7-4227-AC60-D8FAC3366E84}.Debug|Any CPU.Build.0 = Debug|Any CPU
		{B2B0CE6B-95B7-4227-AC60-D8FAC3366E84}.Release|Any CPU.ActiveCfg = Release|Any CPU
		{B2B0CE6B-95B7-4227-AC60-D8FAC3366E84}.Release|Any CPU.Build.0 = Release|Any CPU
		{D259D630-EFCA-4E3E-BD5A-CDF0B7D8C299}.Debug|Any CPU.ActiveCfg = Debug|Any CPU
		{D259D630-EFCA-4E3E-BD5A-CDF0B7D8C299}.Debug|Any CPU.Build.0 = Debug|Any CPU
		{D259D630-EFCA-4E3E-BD5A-CDF0B7D8C299}.Release|Any CPU.ActiveCfg = Release|Any CPU
		{D259D630-EFCA-4E3E-BD5A-CDF0B7D8C299}.Release|Any CPU.Build.0 = Release|Any CPU
		{4D79ED82-9ABF-4B1C-BC0F-2F52A33E2E55}.Debug|Any CPU.ActiveCfg = Debug|Any CPU
		{4D79ED82-9ABF-4B1C-BC0F-2F52A33E2E55}.Debug|Any CPU.Build.0 = Debug|Any CPU
		{4D79ED82-9ABF-4B1C-BC0F-2F52A33E2E55}.Release|Any CPU.ActiveCfg = Release|Any CPU
		{4D79ED82-9ABF-4B1C-BC0F-2F52A33E2E55}.Release|Any CPU.Build.0 = Release|Any CPU
		{AFE94B3E-AFE1-498A-8745-6563BE5F6D1D}.Debug|Any CPU.ActiveCfg = Debug|Any CPU
		{AFE94B3E-AFE1-498A-8745-6563BE5F6D1D}.Debug|Any CPU.Build.0 = Debug|Any CPU
		{AFE94B3E-AFE1-498A-8745-6563BE5F6D1D}.Release|Any CPU.ActiveCfg = Release|Any CPU
		{AFE94B3E-AFE1-498A-8745-6563BE5F6D1D}.Release|Any CPU.Build.0 = Release|Any CPU
		{97FFF8DF-75FB-49FD-B464-BACBFF52DC9B}.Debug|Any CPU.ActiveCfg = Debug|Any CPU
		{97FFF8DF-75FB-49FD-B464-BACBFF52DC9B}.Debug|Any CPU.Build.0 = Debug|Any CPU
		{97FFF8DF-75FB-49FD-B464-BACBFF52DC9B}.Release|Any CPU.ActiveCfg = Release|Any CPU
		{97FFF8DF-75FB-49FD-B464-BACBFF52DC9B}.Release|Any CPU.Build.0 = Release|Any CPU
		{3EECB8FC-A646-45A9-9851-99A25183CF07}.Debug|Any CPU.ActiveCfg = Debug|Any CPU
		{3EECB8FC-A646-45A9-9851-99A25183CF07}.Debug|Any CPU.Build.0 = Debug|Any CPU
		{3EECB8FC-A646-45A9-9851-99A25183CF07}.Release|Any CPU.ActiveCfg = Release|Any CPU
		{3EECB8FC-A646-45A9-9851-99A25183CF07}.Release|Any CPU.Build.0 = Release|Any CPU
		{A6D13E7A-EFCA-4030-9DB5-13A7DBD2A340}.Debug|Any CPU.ActiveCfg = Debug|Any CPU
		{A6D13E7A-EFCA-4030-9DB5-13A7DBD2A340}.Debug|Any CPU.Build.0 = Debug|Any CPU
		{A6D13E7A-EFCA-4030-9DB5-13A7DBD2A340}.Release|Any CPU.ActiveCfg = Release|Any CPU
		{A6D13E7A-EFCA-4030-9DB5-13A7DBD2A340}.Release|Any CPU.Build.0 = Release|Any CPU
		{705D974F-07B7-42ED-B7C3-F6175A2FBE7A}.Debug|Any CPU.ActiveCfg = Debug|Any CPU
		{705D974F-07B7-42ED-B7C3-F6175A2FBE7A}.Debug|Any CPU.Build.0 = Debug|Any CPU
		{705D974F-07B7-42ED-B7C3-F6175A2FBE7A}.Release|Any CPU.ActiveCfg = Release|Any CPU
		{705D974F-07B7-42ED-B7C3-F6175A2FBE7A}.Release|Any CPU.Build.0 = Release|Any CPU
		{07D131DB-03D1-4009-BB9C-B6834DD6FBA5}.Debug|Any CPU.ActiveCfg = Debug|Any CPU
		{07D131DB-03D1-4009-BB9C-B6834DD6FBA5}.Debug|Any CPU.Build.0 = Debug|Any CPU
		{07D131DB-03D1-4009-BB9C-B6834DD6FBA5}.Release|Any CPU.ActiveCfg = Release|Any CPU
		{07D131DB-03D1-4009-BB9C-B6834DD6FBA5}.Release|Any CPU.Build.0 = Release|Any CPU
		{B684FA13-EBFA-4C23-8D31-38D3E2C8082A}.Debug|Any CPU.ActiveCfg = Debug|Any CPU
		{B684FA13-EBFA-4C23-8D31-38D3E2C8082A}.Debug|Any CPU.Build.0 = Debug|Any CPU
		{B684FA13-EBFA-4C23-8D31-38D3E2C8082A}.Release|Any CPU.ActiveCfg = Release|Any CPU
		{B684FA13-EBFA-4C23-8D31-38D3E2C8082A}.Release|Any CPU.Build.0 = Release|Any CPU
		{BED10AF3-B1B5-4327-86E9-D8F1767ED609}.Debug|Any CPU.ActiveCfg = Debug|Any CPU
		{BED10AF3-B1B5-4327-86E9-D8F1767ED609}.Debug|Any CPU.Build.0 = Debug|Any CPU
		{BED10AF3-B1B5-4327-86E9-D8F1767ED609}.Release|Any CPU.ActiveCfg = Release|Any CPU
		{BED10AF3-B1B5-4327-86E9-D8F1767ED609}.Release|Any CPU.Build.0 = Release|Any CPU
		{0773BE0A-C83A-49B8-BFD6-C0160A1EAE3E}.Debug|Any CPU.ActiveCfg = Debug|Any CPU
		{0773BE0A-C83A-49B8-BFD6-C0160A1EAE3E}.Debug|Any CPU.Build.0 = Debug|Any CPU
		{0773BE0A-C83A-49B8-BFD6-C0160A1EAE3E}.Release|Any CPU.ActiveCfg = Release|Any CPU
		{0773BE0A-C83A-49B8-BFD6-C0160A1EAE3E}.Release|Any CPU.Build.0 = Release|Any CPU
		{92F1B50C-4E86-4A45-ACF1-C6EF38F1281D}.Debug|Any CPU.ActiveCfg = Debug|Any CPU
		{92F1B50C-4E86-4A45-ACF1-C6EF38F1281D}.Debug|Any CPU.Build.0 = Debug|Any CPU
		{92F1B50C-4E86-4A45-ACF1-C6EF38F1281D}.Release|Any CPU.ActiveCfg = Release|Any CPU
		{92F1B50C-4E86-4A45-ACF1-C6EF38F1281D}.Release|Any CPU.Build.0 = Release|Any CPU
		{093804AF-2A79-4B8C-8891-1EEE86864614}.Debug|Any CPU.ActiveCfg = Debug|Any CPU
		{093804AF-2A79-4B8C-8891-1EEE86864614}.Debug|Any CPU.Build.0 = Debug|Any CPU
		{093804AF-2A79-4B8C-8891-1EEE86864614}.Release|Any CPU.ActiveCfg = Release|Any CPU
		{093804AF-2A79-4B8C-8891-1EEE86864614}.Release|Any CPU.Build.0 = Release|Any CPU
		{326AF58E-E284-4642-9460-7F9F9D23ADD5}.Debug|Any CPU.ActiveCfg = Debug|Any CPU
		{326AF58E-E284-4642-9460-7F9F9D23ADD5}.Debug|Any CPU.Build.0 = Debug|Any CPU
		{326AF58E-E284-4642-9460-7F9F9D23ADD5}.Release|Any CPU.ActiveCfg = Release|Any CPU
		{326AF58E-E284-4642-9460-7F9F9D23ADD5}.Release|Any CPU.Build.0 = Release|Any CPU
		{66D39735-8524-49AA-B2EE-24BF9353AD97}.Debug|Any CPU.ActiveCfg = Debug|Any CPU
		{66D39735-8524-49AA-B2EE-24BF9353AD97}.Debug|Any CPU.Build.0 = Debug|Any CPU
		{66D39735-8524-49AA-B2EE-24BF9353AD97}.Release|Any CPU.ActiveCfg = Release|Any CPU
		{66D39735-8524-49AA-B2EE-24BF9353AD97}.Release|Any CPU.Build.0 = Release|Any CPU
		{AC35BF38-A15B-41BD-8063-CDEDA6E5F12F}.Debug|Any CPU.ActiveCfg = Debug|Any CPU
		{AC35BF38-A15B-41BD-8063-CDEDA6E5F12F}.Debug|Any CPU.Build.0 = Debug|Any CPU
		{AC35BF38-A15B-41BD-8063-CDEDA6E5F12F}.Release|Any CPU.ActiveCfg = Release|Any CPU
		{AC35BF38-A15B-41BD-8063-CDEDA6E5F12F}.Release|Any CPU.Build.0 = Release|Any CPU
	EndGlobalSection
	GlobalSection(SolutionProperties) = preSolution
		HideSolutionNode = FALSE
	EndGlobalSection
	GlobalSection(ExtensibilityGlobals) = postSolution
		SolutionGuid = {DF01BEE5-A629-4BAD-88FC-1DC93EE9A09E}
	EndGlobalSection
EndGlobal
